github.com/mox692/tdata v0.0.0-20220130113024-62caacce8519 h1:iUCzZP//6Kx/j3Khdm/iODLpWzCg5A1rloWuqr5TETA=
github.com/mox692/tdata v0.0.0-20220130113024-62caacce8519/go.mod h1:I7dcBe6NinXT/X8fgwtASwTCOC5WZM4w2llYwRkLT8w=
github.com/mox692/tdata v0.0.0-20220130115300-d71c4dd4b18a h1:T+ZBbq/8eanHI/wDEjxS54G2cSdiITEtp646+Xtgv1w=
github.com/mox692/tdata v0.0.0-20220130115300-d71c4dd4b18a/go.mod h1:I7dcBe6NinXT/X8fgwtASwTCOC5WZM4w2llYwRkLT8w=
